// !$*UTF8*$!
{
	archiveVersion = 1;
	classes = {
	};
	objectVersion = 50;
	objects = {

/* Begin PBXBuildFile section */
		6545676FB5F51FAD3F087737 /* Pods_NoticeBoard.framework in Frameworks */ = {isa = PBXBuildFile; fileRef = FB45522CEEDB19E6ABB45C8C /* Pods_NoticeBoard.framework */; };
		CD61A3AE20DA4FCD00498146 /* Notice.swift in Sources */ = {isa = PBXBuildFile; fileRef = CD61A3AD20DA4FCD00498146 /* Notice.swift */; };
		CDA4E00F20D38BC700CD2A0C /* NoticeBoard.h in Headers */ = {isa = PBXBuildFile; fileRef = CDA4E00D20D38BC700CD2A0C /* NoticeBoard.h */; settings = {ATTRIBUTES = (Public, ); }; };
		CDA4E02C20D38C5B00CD2A0C /* NoticeBoard.swift in Sources */ = {isa = PBXBuildFile; fileRef = CDA4E02B20D38C5B00CD2A0C /* NoticeBoard.swift */; };
/* End PBXBuildFile section */

/* Begin PBXFileReference section */
		451C882E6C922390CA26B750 /* Pods-NoticeBoard.release.xcconfig */ = {isa = PBXFileReference; includeInIndex = 1; lastKnownFileType = text.xcconfig; name = "Pods-NoticeBoard.release.xcconfig"; path = "Pods/Target Support Files/Pods-NoticeBoard/Pods-NoticeBoard.release.xcconfig"; sourceTree = "<group>"; };
		5D7AADF51CE950B16DFBB15D /* Pods-NoticeBoard.debug.xcconfig */ = {isa = PBXFileReference; includeInIndex = 1; lastKnownFileType = text.xcconfig; name = "Pods-NoticeBoard.debug.xcconfig"; path = "Pods/Target Support Files/Pods-NoticeBoard/Pods-NoticeBoard.debug.xcconfig"; sourceTree = "<group>"; };
		CD25CA3E22DC0E2000F12E3E /* NoticeBoard.podspec */ = {isa = PBXFileReference; lastKnownFileType = text; path = NoticeBoard.podspec; sourceTree = "<group>"; };
		CD61A3AD20DA4FCD00498146 /* Notice.swift */ = {isa = PBXFileReference; lastKnownFileType = sourcecode.swift; path = Notice.swift; sourceTree = "<group>"; };
		CDA4E00A20D38BC700CD2A0C /* NoticeBoard.framework */ = {isa = PBXFileReference; explicitFileType = wrapper.framework; includeInIndex = 0; path = NoticeBoard.framework; sourceTree = BUILT_PRODUCTS_DIR; };
		CDA4E00D20D38BC700CD2A0C /* NoticeBoard.h */ = {isa = PBXFileReference; lastKnownFileType = sourcecode.c.h; path = NoticeBoard.h; sourceTree = "<group>"; };
		CDA4E00E20D38BC700CD2A0C /* Info.plist */ = {isa = PBXFileReference; lastKnownFileType = text.plist.xml; path = Info.plist; sourceTree = "<group>"; };
		CDA4E02B20D38C5B00CD2A0C /* NoticeBoard.swift */ = {isa = PBXFileReference; lastKnownFileType = sourcecode.swift; path = NoticeBoard.swift; sourceTree = "<group>"; };
		FB45522CEEDB19E6ABB45C8C /* Pods_NoticeBoard.framework */ = {isa = PBXFileReference; explicitFileType = wrapper.framework; includeInIndex = 0; path = Pods_NoticeBoard.framework; sourceTree = BUILT_PRODUCTS_DIR; };
/* End PBXFileReference section */

/* Begin PBXFrameworksBuildPhase section */
		CDA4E00620D38BC700CD2A0C /* Frameworks */ = {
			isa = PBXFrameworksBuildPhase;
			buildActionMask = 2147483647;
			files = (
				6545676FB5F51FAD3F087737 /* Pods_NoticeBoard.framework in Frameworks */,
			);
			runOnlyForDeploymentPostprocessing = 0;
		};
/* End PBXFrameworksBuildPhase section */

/* Begin PBXGroup section */
		111C0AB189865904EFA3C57F /* Pods */ = {
			isa = PBXGroup;
			children = (
				5D7AADF51CE950B16DFBB15D /* Pods-NoticeBoard.debug.xcconfig */,
				451C882E6C922390CA26B750 /* Pods-NoticeBoard.release.xcconfig */,
			);
			name = Pods;
			sourceTree = "<group>";
		};
		4DDC8D3CB5AD72B0B2109400 /* Frameworks */ = {
			isa = PBXGroup;
			children = (
				FB45522CEEDB19E6ABB45C8C /* Pods_NoticeBoard.framework */,
			);
			name = Frameworks;
			sourceTree = "<group>";
		};
		CDA4E00020D38BC700CD2A0C = {
			isa = PBXGroup;
			children = (
				CD25CA3E22DC0E2000F12E3E /* NoticeBoard.podspec */,
				CDA4E00C20D38BC700CD2A0C /* NoticeBoard */,
				CDA4E00B20D38BC700CD2A0C /* Products */,
				111C0AB189865904EFA3C57F /* Pods */,
				4DDC8D3CB5AD72B0B2109400 /* Frameworks */,
			);
			sourceTree = "<group>";
		};
		CDA4E00B20D38BC700CD2A0C /* Products */ = {
			isa = PBXGroup;
			children = (
				CDA4E00A20D38BC700CD2A0C /* NoticeBoard.framework */,
			);
			name = Products;
			sourceTree = "<group>";
		};
		CDA4E00C20D38BC700CD2A0C /* NoticeBoard */ = {
			isa = PBXGroup;
			children = (
				CDA4E00D20D38BC700CD2A0C /* NoticeBoard.h */,
				CDA4E02B20D38C5B00CD2A0C /* NoticeBoard.swift */,
				CD61A3AD20DA4FCD00498146 /* Notice.swift */,
				CDA4E00E20D38BC700CD2A0C /* Info.plist */,
			);
			path = NoticeBoard;
			sourceTree = "<group>";
		};
/* End PBXGroup section */

/* Begin PBXHeadersBuildPhase section */
		CDA4E00720D38BC700CD2A0C /* Headers */ = {
			isa = PBXHeadersBuildPhase;
			buildActionMask = 2147483647;
			files = (
				CDA4E00F20D38BC700CD2A0C /* NoticeBoard.h in Headers */,
			);
			runOnlyForDeploymentPostprocessing = 0;
		};
/* End PBXHeadersBuildPhase section */

/* Begin PBXNativeTarget section */
		CDA4E00920D38BC700CD2A0C /* NoticeBoard */ = {
			isa = PBXNativeTarget;
			buildConfigurationList = CDA4E01220D38BC700CD2A0C /* Build configuration list for PBXNativeTarget "NoticeBoard" */;
			buildPhases = (
				B4B012EC9B4B5DCA2156D8A8 /* [CP] Check Pods Manifest.lock */,
				CDA4E00520D38BC700CD2A0C /* Sources */,
				CDA4E00620D38BC700CD2A0C /* Frameworks */,
				CDA4E00720D38BC700CD2A0C /* Headers */,
				CDA4E00820D38BC700CD2A0C /* Resources */,
				8D5D90618C556EA53250CCA2 /* [CP] Copy Pods Resources */,
			);
			buildRules = (
			);
			dependencies = (
			);
			name = NoticeBoard;
			productName = NoticeBoard;
			productReference = CDA4E00A20D38BC700CD2A0C /* NoticeBoard.framework */;
			productType = "com.apple.product-type.framework";
		};
/* End PBXNativeTarget section */

/* Begin PBXProject section */
		CDA4E00120D38BC700CD2A0C /* Project object */ = {
			isa = PBXProject;
			attributes = {
				LastSwiftUpdateCheck = 0930;
				LastUpgradeCheck = 0930;
				ORGANIZATIONNAME = "Titan Studio";
				TargetAttributes = {
					CDA4E00920D38BC700CD2A0C = {
						CreatedOnToolsVersion = 9.3;
						LastSwiftMigration = 0930;
					};
				};
			};
			buildConfigurationList = CDA4E00420D38BC700CD2A0C /* Build configuration list for PBXProject "NoticeBoard" */;
			compatibilityVersion = "Xcode 9.3";
			developmentRegion = en;
			hasScannedForEncodings = 0;
			knownRegions = (
				en,
				Base,
			);
			mainGroup = CDA4E00020D38BC700CD2A0C;
			productRefGroup = CDA4E00B20D38BC700CD2A0C /* Products */;
			projectDirPath = "";
			projectRoot = "";
			targets = (
				CDA4E00920D38BC700CD2A0C /* NoticeBoard */,
			);
		};
/* End PBXProject section */

/* Begin PBXResourcesBuildPhase section */
		CDA4E00820D38BC700CD2A0C /* Resources */ = {
			isa = PBXResourcesBuildPhase;
			buildActionMask = 2147483647;
			files = (
			);
			runOnlyForDeploymentPostprocessing = 0;
		};
/* End PBXResourcesBuildPhase section */

/* Begin PBXShellScriptBuildPhase section */
		8D5D90618C556EA53250CCA2 /* [CP] Copy Pods Resources */ = {
			isa = PBXShellScriptBuildPhase;
			buildActionMask = 2147483647;
			files = (
			);
			inputFileListPaths = (
			);
			inputPaths = (
			);
			name = "[CP] Copy Pods Resources";
			outputFileListPaths = (
			);
			outputPaths = (
			);
			runOnlyForDeploymentPostprocessing = 0;
			shellPath = /bin/sh;
			shellScript = "\"${SRCROOT}/Pods/Target Support Files/Pods-NoticeBoard/Pods-NoticeBoard-resources.sh\"\n";
			showEnvVarsInLog = 0;
		};
		B4B012EC9B4B5DCA2156D8A8 /* [CP] Check Pods Manifest.lock */ = {
			isa = PBXShellScriptBuildPhase;
			buildActionMask = 2147483647;
			files = (
			);
			inputFileListPaths = (
			);
			inputPaths = (
				"${PODS_PODFILE_DIR_PATH}/Podfile.lock",
				"${PODS_ROOT}/Manifest.lock",
			);
			name = "[CP] Check Pods Manifest.lock";
			outputFileListPaths = (
			);
			outputPaths = (
				"$(DERIVED_FILE_DIR)/Pods-NoticeBoard-checkManifestLockResult.txt",
			);
			runOnlyForDeploymentPostprocessing = 0;
			shellPath = /bin/sh;
			shellScript = "diff \"${PODS_PODFILE_DIR_PATH}/Podfile.lock\" \"${PODS_ROOT}/Manifest.lock\" > /dev/null\nif [ $? != 0 ] ; then\n    # print error to STDERR\n    echo \"error: The sandbox is not in sync with the Podfile.lock. Run 'pod install' or update your CocoaPods installation.\" >&2\n    exit 1\nfi\n# This output is used by Xcode 'outputs' to avoid re-running this script phase.\necho \"SUCCESS\" > \"${SCRIPT_OUTPUT_FILE_0}\"\n";
			showEnvVarsInLog = 0;
		};
/* End PBXShellScriptBuildPhase section */

/* Begin PBXSourcesBuildPhase section */
		CDA4E00520D38BC700CD2A0C /* Sources */ = {
			isa = PBXSourcesBuildPhase;
			buildActionMask = 2147483647;
			files = (
				CDA4E02C20D38C5B00CD2A0C /* NoticeBoard.swift in Sources */,
				CD61A3AE20DA4FCD00498146 /* Notice.swift in Sources */,
			);
			runOnlyForDeploymentPostprocessing = 0;
		};
/* End PBXSourcesBuildPhase section */

/* Begin XCBuildConfiguration section */
		CDA4E01020D38BC700CD2A0C /* Debug */ = {
			isa = XCBuildConfiguration;
			buildSettings = {
				ALWAYS_SEARCH_USER_PATHS = NO;
				CLANG_ANALYZER_NONNULL = YES;
				CLANG_ANALYZER_NUMBER_OBJECT_CONVERSION = YES_AGGRESSIVE;
				CLANG_CXX_LANGUAGE_STANDARD = "gnu++14";
				CLANG_CXX_LIBRARY = "libc++";
				CLANG_ENABLE_MODULES = YES;
				CLANG_ENABLE_OBJC_ARC = YES;
				CLANG_ENABLE_OBJC_WEAK = YES;
				CLANG_WARN_BLOCK_CAPTURE_AUTORELEASING = YES;
				CLANG_WARN_BOOL_CONVERSION = YES;
				CLANG_WARN_COMMA = YES;
				CLANG_WARN_CONSTANT_CONVERSION = YES;
				CLANG_WARN_DEPRECATED_OBJC_IMPLEMENTATIONS = YES;
				CLANG_WARN_DIRECT_OBJC_ISA_USAGE = YES_ERROR;
				CLANG_WARN_DOCUMENTATION_COMMENTS = YES;
				CLANG_WARN_EMPTY_BODY = YES;
				CLANG_WARN_ENUM_CONVERSION = YES;
				CLANG_WARN_INFINITE_RECURSION = YES;
				CLANG_WARN_INT_CONVERSION = YES;
				CLANG_WARN_NON_LITERAL_NULL_CONVERSION = YES;
				CLANG_WARN_OBJC_IMPLICIT_RETAIN_SELF = YES;
				CLANG_WARN_OBJC_LITERAL_CONVERSION = YES;
				CLANG_WARN_OBJC_ROOT_CLASS = YES_ERROR;
				CLANG_WARN_RANGE_LOOP_ANALYSIS = YES;
				CLANG_WARN_STRICT_PROTOTYPES = YES;
				CLANG_WARN_SUSPICIOUS_MOVE = YES;
				CLANG_WARN_UNGUARDED_AVAILABILITY = YES_AGGRESSIVE;
				CLANG_WARN_UNREACHABLE_CODE = YES;
				CLANG_WARN__DUPLICATE_METHOD_MATCH = YES;
				CODE_SIGN_IDENTITY = "iPhone Developer";
				COPY_PHASE_STRIP = NO;
				CURRENT_PROJECT_VERSION = 1;
				DEBUG_INFORMATION_FORMAT = dwarf;
				ENABLE_STRICT_OBJC_MSGSEND = YES;
				ENABLE_TESTABILITY = YES;
				GCC_C_LANGUAGE_STANDARD = gnu11;
				GCC_DYNAMIC_NO_PIC = NO;
				GCC_NO_COMMON_BLOCKS = YES;
				GCC_OPTIMIZATION_LEVEL = 0;
				GCC_PREPROCESSOR_DEFINITIONS = (
					"DEBUG=1",
					"$(inherited)",
				);
				GCC_WARN_64_TO_32_BIT_CONVERSION = YES;
				GCC_WARN_ABOUT_RETURN_TYPE = YES_ERROR;
				GCC_WARN_UNDECLARED_SELECTOR = YES;
				GCC_WARN_UNINITIALIZED_AUTOS = YES_AGGRESSIVE;
				GCC_WARN_UNUSED_FUNCTION = YES;
				GCC_WARN_UNUSED_VARIABLE = YES;
				IPHONEOS_DEPLOYMENT_TARGET = 8.0;
				MTL_ENABLE_DEBUG_INFO = YES;
				ONLY_ACTIVE_ARCH = YES;
				SDKROOT = iphoneos;
				SWIFT_ACTIVE_COMPILATION_CONDITIONS = DEBUG;
				SWIFT_OPTIMIZATION_LEVEL = "-Onone";
				VERSIONING_SYSTEM = "apple-generic";
				VERSION_INFO_PREFIX = "";
			};
			name = Debug;
		};
		CDA4E01120D38BC700CD2A0C /* Release */ = {
			isa = XCBuildConfiguration;
			buildSettings = {
				ALWAYS_SEARCH_USER_PATHS = NO;
				CLANG_ANALYZER_NONNULL = YES;
				CLANG_ANALYZER_NUMBER_OBJECT_CONVERSION = YES_AGGRESSIVE;
				CLANG_CXX_LANGUAGE_STANDARD = "gnu++14";
				CLANG_CXX_LIBRARY = "libc++";
				CLANG_ENABLE_MODULES = YES;
				CLANG_ENABLE_OBJC_ARC = YES;
				CLANG_ENABLE_OBJC_WEAK = YES;
				CLANG_WARN_BLOCK_CAPTURE_AUTORELEASING = YES;
				CLANG_WARN_BOOL_CONVERSION = YES;
				CLANG_WARN_COMMA = YES;
				CLANG_WARN_CONSTANT_CONVERSION = YES;
				CLANG_WARN_DEPRECATED_OBJC_IMPLEMENTATIONS = YES;
				CLANG_WARN_DIRECT_OBJC_ISA_USAGE = YES_ERROR;
				CLANG_WARN_DOCUMENTATION_COMMENTS = YES;
				CLANG_WARN_EMPTY_BODY = YES;
				CLANG_WARN_ENUM_CONVERSION = YES;
				CLANG_WARN_INFINITE_RECURSION = YES;
				CLANG_WARN_INT_CONVERSION = YES;
				CLANG_WARN_NON_LITERAL_NULL_CONVERSION = YES;
				CLANG_WARN_OBJC_IMPLICIT_RETAIN_SELF = YES;
				CLANG_WARN_OBJC_LITERAL_CONVERSION = YES;
				CLANG_WARN_OBJC_ROOT_CLASS = YES_ERROR;
				CLANG_WARN_RANGE_LOOP_ANALYSIS = YES;
				CLANG_WARN_STRICT_PROTOTYPES = YES;
				CLANG_WARN_SUSPICIOUS_MOVE = YES;
				CLANG_WARN_UNGUARDED_AVAILABILITY = YES_AGGRESSIVE;
				CLANG_WARN_UNREACHABLE_CODE = YES;
				CLANG_WARN__DUPLICATE_METHOD_MATCH = YES;
				CODE_SIGN_IDENTITY = "iPhone Developer";
				COPY_PHASE_STRIP = NO;
				CURRENT_PROJECT_VERSION = 1;
				DEBUG_INFORMATION_FORMAT = "dwarf-with-dsym";
				ENABLE_NS_ASSERTIONS = NO;
				ENABLE_STRICT_OBJC_MSGSEND = YES;
				GCC_C_LANGUAGE_STANDARD = gnu11;
				GCC_NO_COMMON_BLOCKS = YES;
				GCC_WARN_64_TO_32_BIT_CONVERSION = YES;
				GCC_WARN_ABOUT_RETURN_TYPE = YES_ERROR;
				GCC_WARN_UNDECLARED_SELECTOR = YES;
				GCC_WARN_UNINITIALIZED_AUTOS = YES_AGGRESSIVE;
				GCC_WARN_UNUSED_FUNCTION = YES;
				GCC_WARN_UNUSED_VARIABLE = YES;
				IPHONEOS_DEPLOYMENT_TARGET = 8.0;
				MTL_ENABLE_DEBUG_INFO = NO;
				SDKROOT = iphoneos;
				SWIFT_COMPILATION_MODE = wholemodule;
				SWIFT_OPTIMIZATION_LEVEL = "-O";
				VALIDATE_PRODUCT = YES;
				VERSIONING_SYSTEM = "apple-generic";
				VERSION_INFO_PREFIX = "";
			};
			name = Release;
		};
		CDA4E01320D38BC700CD2A0C /* Debug */ = {
			isa = XCBuildConfiguration;
			baseConfigurationReference = 5D7AADF51CE950B16DFBB15D /* Pods-NoticeBoard.debug.xcconfig */;
			buildSettings = {
				CLANG_ENABLE_MODULES = YES;
				CODE_SIGN_IDENTITY = "";
				CODE_SIGN_STYLE = Manual;
				DEFINES_MODULE = YES;
				DEVELOPMENT_TEAM = "";
				DYLIB_COMPATIBILITY_VERSION = 1;
				DYLIB_CURRENT_VERSION = 1;
				DYLIB_INSTALL_NAME_BASE = "@rpath";
				INFOPLIST_FILE = NoticeBoard/Info.plist;
				INSTALL_PATH = "$(LOCAL_LIBRARY_DIR)/Frameworks";
				LD_RUNPATH_SEARCH_PATHS = (
					"$(inherited)",
					"@executable_path/Frameworks",
					"@loader_path/Frameworks",
				);
				PRODUCT_BUNDLE_IDENTIFIER = com.xaoxuu.NoticeBoard;
				PRODUCT_NAME = "$(TARGET_NAME:c99extidentifier)";
				PROVISIONING_PROFILE_SPECIFIER = "";
				SDKROOT = iphoneos;
				SKIP_INSTALL = YES;
				SWIFT_OPTIMIZATION_LEVEL = "-Onone";
				SWIFT_VERSION = 5.0;
				TARGETED_DEVICE_FAMILY = "1,2";
			};
			name = Debug;
		};
		CDA4E01420D38BC700CD2A0C /* Release */ = {
			isa = XCBuildConfiguration;
			baseConfigurationReference = 451C882E6C922390CA26B750 /* Pods-NoticeBoard.release.xcconfig */;
			buildSettings = {
				CLANG_ENABLE_MODULES = YES;
				CODE_SIGN_IDENTITY = "";
				CODE_SIGN_STYLE = Manual;
				DEFINES_MODULE = YES;
				DEVELOPMENT_TEAM = "";
				DYLIB_COMPATIBILITY_VERSION = 1;
				DYLIB_CURRENT_VERSION = 1;
				DYLIB_INSTALL_NAME_BASE = "@rpath";
				INFOPLIST_FILE = NoticeBoard/Info.plist;
				INSTALL_PATH = "$(LOCAL_LIBRARY_DIR)/Frameworks";
				LD_RUNPATH_SEARCH_PATHS = (
					"$(inherited)",
					"@executable_path/Frameworks",
					"@loader_path/Frameworks",
				);
				PRODUCT_BUNDLE_IDENTIFIER = com.xaoxuu.NoticeBoard;
				PRODUCT_NAME = "$(TARGET_NAME:c99extidentifier)";
				PROVISIONING_PROFILE_SPECIFIER = "";
				SDKROOT = iphoneos;
				SKIP_INSTALL = YES;
				SWIFT_VERSION = 5.0;
				TARGETED_DEVICE_FAMILY = "1,2";
			};
			name = Release;
		};
/* End XCBuildConfiguration section */

/* Begin XCConfigurationList section */
		CDA4E00420D38BC700CD2A0C /* Build configuration list for PBXProject "NoticeBoard" */ = {
			isa = XCConfigurationList;
			buildConfigurations = (
				CDA4E01020D38BC700CD2A0C /* Debug */,
				CDA4E01120D38BC700CD2A0C /* Release */,
			);
			defaultConfigurationIsVisible = 0;
			defaultConfigurationName = Release;
		};
		CDA4E01220D38BC700CD2A0C /* Build configuration list for PBXNativeTarget "NoticeBoard" */ = {
			isa = XCConfigurationList;
			buildConfigurations = (
				CDA4E01320D38BC700CD2A0C /* Debug */,
				CDA4E01420D38BC700CD2A0C /* Release */,
			);
			defaultConfigurationIsVisible = 0;
			defaultConfigurationName = Release;
		};
/* End XCConfigurationList section */
	};
	rootObject = CDA4E00120D38BC700CD2A0C /* Project object */;
}
